// !$*UTF8*$!
{
	archiveVersion = 1;
	classes = {
	};
	objectVersion = 50;
	objects = {

/* Begin PBXBuildFile section */
		BBC24373E3A7700A379002D9 /* Pods_AboutCanada.framework in Frameworks */ = {isa = PBXBuildFile; fileRef = F26112CA24F67E407DF6B1F9 /* Pods_AboutCanada.framework */; };
		FB36077620B8E4090086B72D /* AppDelegate.swift in Sources */ = {isa = PBXBuildFile; fileRef = FB36077520B8E4090086B72D /* AppDelegate.swift */; };
		FB36077B20B8E4090086B72D /* Main.storyboard in Resources */ = {isa = PBXBuildFile; fileRef = FB36077920B8E4090086B72D /* Main.storyboard */; };
		FB36077D20B8E4090086B72D /* Assets.xcassets in Resources */ = {isa = PBXBuildFile; fileRef = FB36077C20B8E4090086B72D /* Assets.xcassets */; };
		FB36078020B8E40A0086B72D /* LaunchScreen.storyboard in Resources */ = {isa = PBXBuildFile; fileRef = FB36077E20B8E4090086B72D /* LaunchScreen.storyboard */; };
		FBDF8E8520B8FCAA00B83969 /* READMD.md in Resources */ = {isa = PBXBuildFile; fileRef = FBDF8E8420B8FCAA00B83969 /* READMD.md */; };
		FBDF8E8C20B8FD7C00B83969 /* CanadaFactsViewController.swift in Sources */ = {isa = PBXBuildFile; fileRef = FBDF8E8B20B8FD7C00B83969 /* CanadaFactsViewController.swift */; };
		FBDF8E8F20B8FDDC00B83969 /* NetworkManager.swift in Sources */ = {isa = PBXBuildFile; fileRef = FBDF8E8E20B8FDDC00B83969 /* NetworkManager.swift */; };
		FBDF8E9120B933F700B83969 /* Fact.swift in Sources */ = {isa = PBXBuildFile; fileRef = FBDF8E9020B933F700B83969 /* Fact.swift */; };
		FBDF8E9420B9476000B83969 /* FactTableViewCell.swift in Sources */ = {isa = PBXBuildFile; fileRef = FBDF8E9220B9476000B83969 /* FactTableViewCell.swift */; };
		FBDF8E9520B9476000B83969 /* FactTableViewCell.xib in Resources */ = {isa = PBXBuildFile; fileRef = FBDF8E9320B9476000B83969 /* FactTableViewCell.xib */; };
/* End PBXBuildFile section */

/* Begin PBXFileReference section */
		1D01462E4044BEEC088B6DF5 /* Pods-AboutCanada.debug.xcconfig */ = {isa = PBXFileReference; includeInIndex = 1; lastKnownFileType = text.xcconfig; name = "Pods-AboutCanada.debug.xcconfig"; path = "Pods/Target Support Files/Pods-AboutCanada/Pods-AboutCanada.debug.xcconfig"; sourceTree = "<group>"; };
		90F68CE4B4175C07D6DE96CC /* Pods-AboutCanada.release.xcconfig */ = {isa = PBXFileReference; includeInIndex = 1; lastKnownFileType = text.xcconfig; name = "Pods-AboutCanada.release.xcconfig"; path = "Pods/Target Support Files/Pods-AboutCanada/Pods-AboutCanada.release.xcconfig"; sourceTree = "<group>"; };
		F26112CA24F67E407DF6B1F9 /* Pods_AboutCanada.framework */ = {isa = PBXFileReference; explicitFileType = wrapper.framework; includeInIndex = 0; path = Pods_AboutCanada.framework; sourceTree = BUILT_PRODUCTS_DIR; };
		FB36077220B8E4090086B72D /* AboutCanada.app */ = {isa = PBXFileReference; explicitFileType = wrapper.application; includeInIndex = 0; path = AboutCanada.app; sourceTree = BUILT_PRODUCTS_DIR; };
		FB36077520B8E4090086B72D /* AppDelegate.swift */ = {isa = PBXFileReference; lastKnownFileType = sourcecode.swift; path = AppDelegate.swift; sourceTree = "<group>"; };
		FB36077A20B8E4090086B72D /* Base */ = {isa = PBXFileReference; lastKnownFileType = file.storyboard; name = Base; path = Base.lproj/Main.storyboard; sourceTree = "<group>"; };
		FB36077C20B8E4090086B72D /* Assets.xcassets */ = {isa = PBXFileReference; lastKnownFileType = folder.assetcatalog; path = Assets.xcassets; sourceTree = "<group>"; };
		FB36077F20B8E40A0086B72D /* Base */ = {isa = PBXFileReference; lastKnownFileType = file.storyboard; name = Base; path = Base.lproj/LaunchScreen.storyboard; sourceTree = "<group>"; };
		FB36078120B8E40A0086B72D /* Info.plist */ = {isa = PBXFileReference; lastKnownFileType = text.plist.xml; path = Info.plist; sourceTree = "<group>"; };
		FBDF8E8420B8FCAA00B83969 /* READMD.md */ = {isa = PBXFileReference; lastKnownFileType = net.daringfireball.markdown; path = READMD.md; sourceTree = "<group>"; };
		FBDF8E8B20B8FD7C00B83969 /* CanadaFactsViewController.swift */ = {isa = PBXFileReference; lastKnownFileType = sourcecode.swift; path = CanadaFactsViewController.swift; sourceTree = "<group>"; };
		FBDF8E8E20B8FDDC00B83969 /* NetworkManager.swift */ = {isa = PBXFileReference; lastKnownFileType = sourcecode.swift; path = NetworkManager.swift; sourceTree = "<group>"; };
		FBDF8E9020B933F700B83969 /* Fact.swift */ = {isa = PBXFileReference; lastKnownFileType = sourcecode.swift; path = Fact.swift; sourceTree = "<group>"; };
		FBDF8E9220B9476000B83969 /* FactTableViewCell.swift */ = {isa = PBXFileReference; lastKnownFileType = sourcecode.swift; path = FactTableViewCell.swift; sourceTree = "<group>"; };
		FBDF8E9320B9476000B83969 /* FactTableViewCell.xib */ = {isa = PBXFileReference; lastKnownFileType = file.xib; path = FactTableViewCell.xib; sourceTree = "<group>"; };
/* End PBXFileReference section */

/* Begin PBXFrameworksBuildPhase section */
		FB36076F20B8E4090086B72D /* Frameworks */ = {
			isa = PBXFrameworksBuildPhase;
			buildActionMask = 2147483647;
			files = (
				BBC24373E3A7700A379002D9 /* Pods_AboutCanada.framework in Frameworks */,
			);
			runOnlyForDeploymentPostprocessing = 0;
		};
/* End PBXFrameworksBuildPhase section */

/* Begin PBXGroup section */
		5F00C345C47441741F1AC512 /* Pods */ = {
			isa = PBXGroup;
			children = (
				1D01462E4044BEEC088B6DF5 /* Pods-AboutCanada.debug.xcconfig */,
				90F68CE4B4175C07D6DE96CC /* Pods-AboutCanada.release.xcconfig */,
			);
			name = Pods;
			sourceTree = "<group>";
		};
		69406DDD2914AD1400774374 /* Frameworks */ = {
			isa = PBXGroup;
			children = (
				F26112CA24F67E407DF6B1F9 /* Pods_AboutCanada.framework */,
			);
			name = Frameworks;
			sourceTree = "<group>";
		};
		FB36076920B8E4090086B72D = {
			isa = PBXGroup;
			children = (
				FB36077420B8E4090086B72D /* AboutCanada */,
				FB36077320B8E4090086B72D /* Products */,
				5F00C345C47441741F1AC512 /* Pods */,
				69406DDD2914AD1400774374 /* Frameworks */,
			);
			sourceTree = "<group>";
		};
		FB36077320B8E4090086B72D /* Products */ = {
			isa = PBXGroup;
			children = (
				FB36077220B8E4090086B72D /* AboutCanada.app */,
			);
			name = Products;
			sourceTree = "<group>";
		};
		FB36077420B8E4090086B72D /* AboutCanada */ = {
			isa = PBXGroup;
			children = (
				FBDF8E8620B8FD0000B83969 /* Module */,
				FBDF8E8420B8FCAA00B83969 /* READMD.md */,
				FB36077520B8E4090086B72D /* AppDelegate.swift */,
				FB36077920B8E4090086B72D /* Main.storyboard */,
				FB36077C20B8E4090086B72D /* Assets.xcassets */,
				FB36077E20B8E4090086B72D /* LaunchScreen.storyboard */,
				FB36078120B8E40A0086B72D /* Info.plist */,
			);
			path = AboutCanada;
			sourceTree = "<group>";
		};
		FBDF8E8620B8FD0000B83969 /* Module */ = {
			isa = PBXGroup;
			children = (
				FBDF8E8720B8FD0A00B83969 /* Fact */,
			);
			path = Module;
			sourceTree = "<group>";
		};
		FBDF8E8720B8FD0A00B83969 /* Fact */ = {
			isa = PBXGroup;
			children = (
				FBDF8E8A20B8FD3800B83969 /* Model */,
				FBDF8E8920B8FD2F00B83969 /* View */,
				FBDF8E8820B8FD2500B83969 /* Controller */,
			);
			path = Fact;
			sourceTree = "<group>";
		};
		FBDF8E8820B8FD2500B83969 /* Controller */ = {
			isa = PBXGroup;
			children = (
				FBDF8E8B20B8FD7C00B83969 /* CanadaFactsViewController.swift */,
			);
			path = Controller;
			sourceTree = "<group>";
		};
		FBDF8E8920B8FD2F00B83969 /* View */ = {
			isa = PBXGroup;
			children = (
				FBDF8E9220B9476000B83969 /* FactTableViewCell.swift */,
				FBDF8E9320B9476000B83969 /* FactTableViewCell.xib */,
			);
			path = View;
			sourceTree = "<group>";
		};
		FBDF8E8A20B8FD3800B83969 /* Model */ = {
			isa = PBXGroup;
			children = (
				FBDF8E8D20B8FDBC00B83969 /* Service */,
				FBDF8E9020B933F700B83969 /* Fact.swift */,
			);
			path = Model;
			sourceTree = "<group>";
		};
		FBDF8E8D20B8FDBC00B83969 /* Service */ = {
			isa = PBXGroup;
			children = (
				FBDF8E8E20B8FDDC00B83969 /* NetworkManager.swift */,
			);
			path = Service;
			sourceTree = "<group>";
		};
/* End PBXGroup section */

/* Begin PBXNativeTarget section */
		FB36077120B8E4090086B72D /* AboutCanada */ = {
			isa = PBXNativeTarget;
			buildConfigurationList = FB36078420B8E40A0086B72D /* Build configuration list for PBXNativeTarget "AboutCanada" */;
			buildPhases = (
				687B9FFCD0504AE0036AD4CE /* [CP] Check Pods Manifest.lock */,
				FB36076E20B8E4090086B72D /* Sources */,
				FB36076F20B8E4090086B72D /* Frameworks */,
				FB36077020B8E4090086B72D /* Resources */,
			);
			buildRules = (
			);
			dependencies = (
			);
			name = AboutCanada;
			productName = AboutCanada;
			productReference = FB36077220B8E4090086B72D /* AboutCanada.app */;
			productType = "com.apple.product-type.application";
		};
/* End PBXNativeTarget section */

/* Begin PBXProject section */
		FB36076A20B8E4090086B72D /* Project object */ = {
			isa = PBXProject;
			attributes = {
				LastSwiftUpdateCheck = 0930;
				LastUpgradeCheck = 0930;
				ORGANIZATIONNAME = "David Ye";
				TargetAttributes = {
					FB36077120B8E4090086B72D = {
						CreatedOnToolsVersion = 9.3.1;
					};
				};
			};
			buildConfigurationList = FB36076D20B8E4090086B72D /* Build configuration list for PBXProject "AboutCanada" */;
			compatibilityVersion = "Xcode 9.3";
			developmentRegion = en;
			hasScannedForEncodings = 0;
			knownRegions = (
				en,
				Base,
			);
			mainGroup = FB36076920B8E4090086B72D;
			productRefGroup = FB36077320B8E4090086B72D /* Products */;
			projectDirPath = "";
			projectRoot = "";
			targets = (
				FB36077120B8E4090086B72D /* AboutCanada */,
			);
		};
/* End PBXProject section */

/* Begin PBXResourcesBuildPhase section */
		FB36077020B8E4090086B72D /* Resources */ = {
			isa = PBXResourcesBuildPhase;
			buildActionMask = 2147483647;
			files = (
				FB36078020B8E40A0086B72D /* LaunchScreen.storyboard in Resources */,
				FBDF8E8520B8FCAA00B83969 /* READMD.md in Resources */,
				FB36077D20B8E4090086B72D /* Assets.xcassets in Resources */,
				FBDF8E9520B9476000B83969 /* FactTableViewCell.xib in Resources */,
				FB36077B20B8E4090086B72D /* Main.storyboard in Resources */,
			);
			runOnlyForDeploymentPostprocessing = 0;
		};
/* End PBXResourcesBuildPhase section */

/* Begin PBXShellScriptBuildPhase section */
		687B9FFCD0504AE0036AD4CE /* [CP] Check Pods Manifest.lock */ = {
			isa = PBXShellScriptBuildPhase;
			buildActionMask = 2147483647;
			files = (
			);
			inputPaths = (
				"${PODS_PODFILE_DIR_PATH}/Podfile.lock",
				"${PODS_ROOT}/Manifest.lock",
			);
			name = "[CP] Check Pods Manifest.lock";
			outputPaths = (
				"$(DERIVED_FILE_DIR)/Pods-AboutCanada-checkManifestLockResult.txt",
			);
			runOnlyForDeploymentPostprocessing = 0;
			shellPath = /bin/sh;
			shellScript = "diff \"${PODS_PODFILE_DIR_PATH}/Podfile.lock\" \"${PODS_ROOT}/Manifest.lock\" > /dev/null\nif [ $? != 0 ] ; then\n    # print error to STDERR\n    echo \"error: The sandbox is not in sync with the Podfile.lock. Run 'pod install' or update your CocoaPods installation.\" >&2\n    exit 1\nfi\n# This output is used by Xcode 'outputs' to avoid re-running this script phase.\necho \"SUCCESS\" > \"${SCRIPT_OUTPUT_FILE_0}\"\n";
			showEnvVarsInLog = 0;
		};
/* End PBXShellScriptBuildPhase section */

/* Begin PBXSourcesBuildPhase section */
		FB36076E20B8E4090086B72D /* Sources */ = {
			isa = PBXSourcesBuildPhase;
			buildActionMask = 2147483647;
			files = (
				FBDF8E8F20B8FDDC00B83969 /* NetworkManager.swift in Sources */,
				FBDF8E8C20B8FD7C00B83969 /* CanadaFactsViewController.swift in Sources */,
				FBDF8E9420B9476000B83969 /* FactTableViewCell.swift in Sources */,
				FB36077620B8E4090086B72D /* AppDelegate.swift in Sources */,
				FBDF8E9120B933F700B83969 /* Fact.swift in Sources */,
			);
			runOnlyForDeploymentPostprocessing = 0;
		};
/* End PBXSourcesBuildPhase section */

/* Begin PBXVariantGroup section */
		FB36077920B8E4090086B72D /* Main.storyboard */ = {
			isa = PBXVariantGroup;
			children = (
				FB36077A20B8E4090086B72D /* Base */,
			);
			name = Main.storyboard;
			sourceTree = "<group>";
		};
		FB36077E20B8E4090086B72D /* LaunchScreen.storyboard */ = {
			isa = PBXVariantGroup;
			children = (
				FB36077F20B8E40A0086B72D /* Base */,
			);
			name = LaunchScreen.storyboard;
			sourceTree = "<group>";
		};
/* End PBXVariantGroup section */

/* Begin XCBuildConfiguration section */
		FB36078220B8E40A0086B72D /* Debug */ = {
			isa = XCBuildConfiguration;
			buildSettings = {
				ALWAYS_SEARCH_USER_PATHS = NO;
				CLANG_ANALYZER_NONNULL = YES;
				CLANG_ANALYZER_NUMBER_OBJECT_CONVERSION = YES_AGGRESSIVE;
				CLANG_CXX_LANGUAGE_STANDARD = "gnu++14";
				CLANG_CXX_LIBRARY = "libc++";
				CLANG_ENABLE_MODULES = YES;
				CLANG_ENABLE_OBJC_ARC = YES;
				CLANG_ENABLE_OBJC_WEAK = YES;
				CLANG_WARN_BLOCK_CAPTURE_AUTORELEASING = YES;
				CLANG_WARN_BOOL_CONVERSION = YES;
				CLANG_WARN_COMMA = YES;
				CLANG_WARN_CONSTANT_CONVERSION = YES;
				CLANG_WARN_DEPRECATED_OBJC_IMPLEMENTATIONS = YES;
				CLANG_WARN_DIRECT_OBJC_ISA_USAGE = YES_ERROR;
				CLANG_WARN_DOCUMENTATION_COMMENTS = YES;
				CLANG_WARN_EMPTY_BODY = YES;
				CLANG_WARN_ENUM_CONVERSION = YES;
				CLANG_WARN_INFINITE_RECURSION = YES;
				CLANG_WARN_INT_CONVERSION = YES;
				CLANG_WARN_NON_LITERAL_NULL_CONVERSION = YES;
				CLANG_WARN_OBJC_IMPLICIT_RETAIN_SELF = YES;
				CLANG_WARN_OBJC_LITERAL_CONVERSION = YES;
				CLANG_WARN_OBJC_ROOT_CLASS = YES_ERROR;
				CLANG_WARN_RANGE_LOOP_ANALYSIS = YES;
				CLANG_WARN_STRICT_PROTOTYPES = YES;
				CLANG_WARN_SUSPICIOUS_MOVE = YES;
				CLANG_WARN_UNGUARDED_AVAILABILITY = YES_AGGRESSIVE;
				CLANG_WARN_UNREACHABLE_CODE = YES;
				CLANG_WARN__DUPLICATE_METHOD_MATCH = YES;
				CODE_SIGN_IDENTITY = "iPhone Developer";
				COPY_PHASE_STRIP = NO;
				DEBUG_INFORMATION_FORMAT = dwarf;
				ENABLE_STRICT_OBJC_MSGSEND = YES;
				ENABLE_TESTABILITY = YES;
				GCC_C_LANGUAGE_STANDARD = gnu11;
				GCC_DYNAMIC_NO_PIC = NO;
				GCC_NO_COMMON_BLOCKS = YES;
				GCC_OPTIMIZATION_LEVEL = 0;
				GCC_PREPROCESSOR_DEFINITIONS = (
					"DEBUG=1",
					"$(inherited)",
				);
				GCC_WARN_64_TO_32_BIT_CONVERSION = YES;
				GCC_WARN_ABOUT_RETURN_TYPE = YES_ERROR;
				GCC_WARN_UNDECLARED_SELECTOR = YES;
				GCC_WARN_UNINITIALIZED_AUTOS = YES_AGGRESSIVE;
				GCC_WARN_UNUSED_FUNCTION = YES;
				GCC_WARN_UNUSED_VARIABLE = YES;
				IPHONEOS_DEPLOYMENT_TARGET = 11.3;
				MTL_ENABLE_DEBUG_INFO = YES;
				ONLY_ACTIVE_ARCH = YES;
				SDKROOT = iphoneos;
				SWIFT_ACTIVE_COMPILATION_CONDITIONS = DEBUG;
				SWIFT_OPTIMIZATION_LEVEL = "-Onone";
			};
			name = Debug;
		};
		FB36078320B8E40A0086B72D /* Release */ = {
			isa = XCBuildConfiguration;
			buildSettings = {
				ALWAYS_SEARCH_USER_PATHS = NO;
				CLANG_ANALYZER_NONNULL = YES;
				CLANG_ANALYZER_NUMBER_OBJECT_CONVERSION = YES_AGGRESSIVE;
				CLANG_CXX_LANGUAGE_STANDARD = "gnu++14";
				CLANG_CXX_LIBRARY = "libc++";
				CLANG_ENABLE_MODULES = YES;
				CLANG_ENABLE_OBJC_ARC = YES;
				CLANG_ENABLE_OBJC_WEAK = YES;
				CLANG_WARN_BLOCK_CAPTURE_AUTORELEASING = YES;
				CLANG_WARN_BOOL_CONVERSION = YES;
				CLANG_WARN_COMMA = YES;
				CLANG_WARN_CONSTANT_CONVERSION = YES;
				CLANG_WARN_DEPRECATED_OBJC_IMPLEMENTATIONS = YES;
				CLANG_WARN_DIRECT_OBJC_ISA_USAGE = YES_ERROR;
				CLANG_WARN_DOCUMENTATION_COMMENTS = YES;
				CLANG_WARN_EMPTY_BODY = YES;
				CLANG_WARN_ENUM_CONVERSION = YES;
				CLANG_WARN_INFINITE_RECURSION = YES;
				CLANG_WARN_INT_CONVERSION = YES;
				CLANG_WARN_NON_LITERAL_NULL_CONVERSION = YES;
				CLANG_WARN_OBJC_IMPLICIT_RETAIN_SELF = YES;
				CLANG_WARN_OBJC_LITERAL_CONVERSION = YES;
				CLANG_WARN_OBJC_ROOT_CLASS = YES_ERROR;
				CLANG_WARN_RANGE_LOOP_ANALYSIS = YES;
				CLANG_WARN_STRICT_PROTOTYPES = YES;
				CLANG_WARN_SUSPICIOUS_MOVE = YES;
				CLANG_WARN_UNGUARDED_AVAILABILITY = YES_AGGRESSIVE;
				CLANG_WARN_UNREACHABLE_CODE = YES;
				CLANG_WARN__DUPLICATE_METHOD_MATCH = YES;
				CODE_SIGN_IDENTITY = "iPhone Developer";
				COPY_PHASE_STRIP = NO;
				DEBUG_INFORMATION_FORMAT = "dwarf-with-dsym";
				ENABLE_NS_ASSERTIONS = NO;
				ENABLE_STRICT_OBJC_MSGSEND = YES;
				GCC_C_LANGUAGE_STANDARD = gnu11;
				GCC_NO_COMMON_BLOCKS = YES;
				GCC_WARN_64_TO_32_BIT_CONVERSION = YES;
				GCC_WARN_ABOUT_RETURN_TYPE = YES_ERROR;
				GCC_WARN_UNDECLARED_SELECTOR = YES;
				GCC_WARN_UNINITIALIZED_AUTOS = YES_AGGRESSIVE;
				GCC_WARN_UNUSED_FUNCTION = YES;
				GCC_WARN_UNUSED_VARIABLE = YES;
				IPHONEOS_DEPLOYMENT_TARGET = 11.3;
				MTL_ENABLE_DEBUG_INFO = NO;
				SDKROOT = iphoneos;
				SWIFT_COMPILATION_MODE = wholemodule;
				SWIFT_OPTIMIZATION_LEVEL = "-O";
				VALIDATE_PRODUCT = YES;
			};
			name = Release;
		};
		FB36078520B8E40A0086B72D /* Debug */ = {
			isa = XCBuildConfiguration;
			baseConfigurationReference = 1D01462E4044BEEC088B6DF5 /* Pods-AboutCanada.debug.xcconfig */;
			buildSettings = {
				ASSETCATALOG_COMPILER_APPICON_NAME = AppIcon;
				CODE_SIGN_STYLE = Automatic;
				DEVELOPMENT_TEAM = UWY7486YJ7;
				INFOPLIST_FILE = AboutCanada/Info.plist;
				LD_RUNPATH_SEARCH_PATHS = (
					"$(inherited)",
					"@executable_path/Frameworks",
				);
				PRODUCT_BUNDLE_IDENTIFIER = david.AboutCanada;
				PRODUCT_NAME = "$(TARGET_NAME)";
				SWIFT_VERSION = 4.0;
				TARGETED_DEVICE_FAMILY = "1,2";
			};
			name = Debug;
		};
		FB36078620B8E40A0086B72D /* Release */ = {
			isa = XCBuildConfiguration;
			baseConfigurationReference = 90F68CE4B4175C07D6DE96CC /* Pods-AboutCanada.release.xcconfig */;
			buildSettings = {
				ASSETCATALOG_COMPILER_APPICON_NAME = AppIcon;
				CODE_SIGN_STYLE = Automatic;
				DEVELOPMENT_TEAM = UWY7486YJ7;
				INFOPLIST_FILE = AboutCanada/Info.plist;
				LD_RUNPATH_SEARCH_PATHS = (
					"$(inherited)",
					"@executable_path/Frameworks",
				);
				PRODUCT_BUNDLE_IDENTIFIER = david.AboutCanada;
				PRODUCT_NAME = "$(TARGET_NAME)";
				SWIFT_VERSION = 4.0;
				TARGETED_DEVICE_FAMILY = "1,2";
			};
			name = Release;
		};
/* End XCBuildConfiguration section */

/* Begin XCConfigurationList section */
		FB36076D20B8E4090086B72D /* Build configuration list for PBXProject "AboutCanada" */ = {
			isa = XCConfigurationList;
			buildConfigurations = (
				FB36078220B8E40A0086B72D /* Debug */,
				FB36078320B8E40A0086B72D /* Release */,
			);
			defaultConfigurationIsVisible = 0;
			defaultConfigurationName = Release;
		};
		FB36078420B8E40A0086B72D /* Build configuration list for PBXNativeTarget "AboutCanada" */ = {
			isa = XCConfigurationList;
			buildConfigurations = (
				FB36078520B8E40A0086B72D /* Debug */,
				FB36078620B8E40A0086B72D /* Release */,
			);
			defaultConfigurationIsVisible = 0;
			defaultConfigurationName = Release;
		};
/* End XCConfigurationList section */
	};
	rootObject = FB36076A20B8E4090086B72D /* Project object */;
}
